#
# This file is autogenerated by pip-compile with Python 3.9
# by the following command:
#
#    pip-compile --generate-hashes --output-file=requirements.lock --strip-extras requirements.txt
#
altgraph==0.17.3 \
    --hash=sha256:ad33358114df7c9416cdb8fa1eaa5852166c505118717021c6a8c7c7abbd03dd \
    --hash=sha256:c8ac1ca6772207179ed8003ce7687757c04b0b71536f81e2ac5755c6226458fe
    # via
    #   macholib
    #   pyinstaller
async-timeout==4.0.3 \
    --hash=sha256:4640d96be84d82d02ed59ea2b7105a0f7b33abe8703703cd0ab0bf87c427522f \
    --hash=sha256:7405140ff1230c310e51dc27b3145b9092d659ce68ff733fb0cefe3ee42be028
    # via bleak
bleak==0.21.1 \
    --hash=sha256:ccec260a0f5ec02dd133d68b0351c0151b2ecf3ddd0bcabc4c04a1cdd7f33256 \
    --hash=sha256:ec4a1a2772fb315b992cbaa1153070c7e26968a52b0e2727035f443a1af5c18f
    # via -r requirements.txt
macholib==1.16.2 \
    --hash=sha256:44c40f2cd7d6726af8fa6fe22549178d3a4dfecc35a9cd15ea916d9c83a688e0 \
    --hash=sha256:557bbfa1bb255c20e9abafe7ed6cd8046b48d9525db2f9b77d3122a63a2a8bf8
    # via pyinstaller
numpy==1.25.2 \
    --hash=sha256:0d60fbae8e0019865fc4784745814cff1c421df5afee233db6d88ab4f14655a2 \
    --hash=sha256:1a1329e26f46230bf77b02cc19e900db9b52f398d6722ca853349a782d4cff55 \
    --hash=sha256:1b9735c27cea5d995496f46a8b1cd7b408b3f34b6d50459d9ac8fe3a20cc17bf \
    --hash=sha256:2792d23d62ec51e50ce4d4b7d73de8f67a2fd3ea710dcbc8563a51a03fb07b01 \
    --hash=sha256:3e0746410e73384e70d286f93abf2520035250aad8c5714240b0492a7302fdca \
    --hash=sha256:4c3abc71e8b6edba80a01a52e66d83c5d14433cbcd26a40c329ec7ed09f37901 \
    --hash=sha256:5883c06bb92f2e6c8181df7b39971a5fb436288db58b5a1c3967702d4278691d \
    --hash=sha256:5c97325a0ba6f9d041feb9390924614b60b99209a71a69c876f71052521d42a4 \
    --hash=sha256:60e7f0f7f6d0eee8364b9a6304c2845b9c491ac706048c7e8cf47b83123b8dbf \
    --hash=sha256:76b4115d42a7dfc5d485d358728cdd8719be33cc5ec6ec08632a5d6fca2ed380 \
    --hash=sha256:7dc869c0c75988e1c693d0e2d5b26034644399dd929bc049db55395b1379e044 \
    --hash=sha256:834b386f2b8210dca38c71a6e0f4fd6922f7d3fcff935dbe3a570945acb1b545 \
    --hash=sha256:8b77775f4b7df768967a7c8b3567e309f617dd5e99aeb886fa14dc1a0791141f \
    --hash=sha256:90319e4f002795ccfc9050110bbbaa16c944b1c37c0baeea43c5fb881693ae1f \
    --hash=sha256:b79e513d7aac42ae918db3ad1341a015488530d0bb2a6abcbdd10a3a829ccfd3 \
    --hash=sha256:bb33d5a1cf360304754913a350edda36d5b8c5331a8237268c48f91253c3a364 \
    --hash=sha256:bec1e7213c7cb00d67093247f8c4db156fd03075f49876957dca4711306d39c9 \
    --hash=sha256:c5462d19336db4560041517dbb7759c21d181a67cb01b36ca109b2ae37d32418 \
    --hash=sha256:c5652ea24d33585ea39eb6a6a15dac87a1206a692719ff45d53c5282e66d4a8f \
    --hash=sha256:d7806500e4f5bdd04095e849265e55de20d8cc4b661b038957354327f6d9b295 \
    --hash=sha256:db3ccc4e37a6873045580d413fe79b68e47a681af8db2e046f1dacfa11f86eb3 \
    --hash=sha256:dfe4a913e29b418d096e696ddd422d8a5d13ffba4ea91f9f60440a3b759b0187 \
    --hash=sha256:eb942bfb6f84df5ce05dbf4b46673ffed0d3da59f13635ea9b926af3deb76926 \
    --hash=sha256:f08f2e037bba04e707eebf4bc934f1972a315c883a9e0ebfa8a7756eabf9e357 \
    --hash=sha256:fd608e19c8d7c55021dffd43bfe5492fab8cc105cc8986f813f8c3c048b38760
    # via
    #   -r requirements.txt
    #   scipy
pyinstaller==5.13.2 \
    --hash=sha256:16cbd66b59a37f4ee59373a003608d15df180a0d9eb1a29ff3bfbfae64b23d0f \
    --hash=sha256:27cd64e7cc6b74c5b1066cbf47d75f940b71356166031deb9778a2579bb874c6 \
    --hash=sha256:2c2fe9c52cb4577a3ac39626b84cf16cf30c2792f785502661286184f162ae0d \
    --hash=sha256:421cd24f26144f19b66d3868b49ed673176765f92fa9f7914cd2158d25b6d17e \
    --hash=sha256:65133ed89467edb2862036b35d7c5ebd381670412e1e4361215e289c786dd4e6 \
    --hash=sha256:7d51734423685ab2a4324ab2981d9781b203dcae42839161a9ee98bfeaabdade \
    --hash=sha256:8f6dd0e797ae7efdd79226f78f35eb6a4981db16c13325e962a83395c0ec7420 \
    --hash=sha256:aadafb6f213549a5906829bb252e586e2cf72a7fbdb5731810695e6516f0ab30 \
    --hash=sha256:b2e1c7f5cceb5e9800927ddd51acf9cc78fbaa9e79e822c48b0ee52d9ce3c892 \
    --hash=sha256:c63ef6133eefe36c4b2f4daf4cfea3d6412ece2ca218f77aaf967e52a95ac9b8 \
    --hash=sha256:c8e5d3489c3a7cc5f8401c2d1f48a70e588f9967e391c3b06ddac1f685f8d5d2 \
    --hash=sha256:ddcc2b36052a70052479a9e5da1af067b4496f43686ca3cdda99f8367d0627e4
    # via -r requirements.txt
pyinstaller-hooks-contrib==2023.8 \
    --hash=sha256:318ccc316fb2b8c0bbdff2456b444bf1ce0e94cb3948a0f4dd48f6fc33d41c01 \
    --hash=sha256:d091a52fbeed71cde0359aa9ad66288521a8441cfba163d9446606c5136c72a8
    # via pyinstaller
pyobjc-core==9.2 ; platform_system == "Darwin" \
    --hash=sha256:0fa950f092673883b8bd28bc18397415cabb457bf410920762109b411789ade9 \
    --hash=sha256:2d23ee539f2ba5e9f5653d75a13f575c7e36586fc0086792739e69e4c2617eda \
    --hash=sha256:41189c2c680931c0395a55691763c481fc681f454f21bb4f1644f98c24a45954 \
    --hash=sha256:586e4cae966282eaa61b21cae66ccdcee9d69c036979def26eebdc08ddebe20f \
    --hash=sha256:b9809cf96678797acb72a758f34932fe8e2602d5ab7abec15c5ac68ddb481720 \
    --hash=sha256:bbc8de304ee322a1ee530b4d2daca135a49b4a49aa3cedc6b2c26c43885f4842 \
    --hash=sha256:d734b9291fec91ff4e3ae38b9c6839debf02b79c07314476e87da8e90b2c68c3 \
    --hash=sha256:fa674a39949f5cde8e5c7bbcd24496446bfc67592b028aedbec7f81dc5fc4daa
    # via
    #   -r requirements.txt
    #   bleak
    #   pyobjc-framework-cocoa
    #   pyobjc-framework-corebluetooth
    #   pyobjc-framework-libdispatch
pyobjc-framework-cocoa==9.2 ; platform_system == "Darwin" \
    --hash=sha256:312977ce2e3989073c6b324c69ba24283de206fe7acd6dbbbaf3e29238a22537 \
    --hash=sha256:32d9ac1033fac1b821ddee8c68f972a7074ad8c50bec0bea9a719034c1c2fb94 \
    --hash=sha256:3b1e6287b3149e4c6679cdbccd8e9ef6557a4e492a892e80a77df143f40026d2 \
    --hash=sha256:739a421e14382a46cbeb9a883f192dceff368ad28ec34d895c48c0ad34cf2c1d \
    --hash=sha256:9e02d8a7cc4eb7685377c50ba4f17345701acf4c05b1e7480d421bff9e2f62a4 \
    --hash=sha256:aae7841cf40c26dd915f4dd828f91c6616e6b7998630b72e704750c09e00f334 \
    --hash=sha256:b236bb965e41aeb2e215d4e98a5a230d4b63252c6d26e00924ea2e69540a59d6 \
    --hash=sha256:efd78080872d8c8de6c2b97e0e4eac99d6203a5d1637aa135d071d464eb2db53
    # via
    #   -r requirements.txt
    #   pyobjc-framework-corebluetooth
pyobjc-framework-corebluetooth==9.2 ; platform_system == "Darwin" \
    --hash=sha256:179532882126526e38fe716a50fb0ee8f440e0b838d290252c515e622b5d0e49 \
    --hash=sha256:256a5031ea9d8a7406541fa1b0dfac549b1de93deae8284605f9355b13fb58be \
    --hash=sha256:53d888742119d0f0c725d0b0c2389f68e8f21f0cba6d6aec288c53260a0196b6 \
    --hash=sha256:cb2481b1dfe211ae9ce55f36537dc8155dbf0dc8ff26e0bc2e13f7afb0a291d1
    # via
    #   -r requirements.txt
    #   bleak
pyobjc-framework-libdispatch==9.2 ; platform_system == "Darwin" \
    --hash=sha256:1a67b007113328538b57893cc7829a722270764cdbeae6d5e1460a1d911314df \
    --hash=sha256:1b107e5c3580b09553030961ea6b17abad4a5132101eab1af3ad2cb36d0f08bb \
    --hash=sha256:2e835495860d04f63c2d2f73ae3dd79da4222864c107096dc0f99e8382700026 \
    --hash=sha256:542e7f7c2b041939db5ed6f3119c1d67d73ec14a996278b92485f8513039c168 \
    --hash=sha256:6eba747b7ad91b0463265a7aee59235bb051fb97687f35ca2233690369b5e4e4 \
    --hash=sha256:6fccea1a57436cf1ac50d9ebc6e3e725bcf77f829ba6b118e62e6ed7866d359d \
    --hash=sha256:83cdb672acf722717b5ecf004768f215f02ac02d7f7f2a9703da6e921ab02222 \
    --hash=sha256:88d4091d4bcb5702783d6e86b4107db973425a17d1de491543f56bd348909b60
    # via
    #   -r requirements.txt
    #   bleak
pyside6==6.5.2 \
    --hash=sha256:0356dc73c138c25b980d716e425801a61d4aa1d9f7811cf8a825499edfd4d1ae \
    --hash=sha256:ad82cb12f805c5bec7693d6f1c0d6e4ae4b9462eb368a81bc0d3091de8fae76e \
    --hash=sha256:b509e4d3ffde4a594d70000f881452643c9aaed800bad2959882075c01f72428 \
    --hash=sha256:ca259b4377eb74e4c9cb74a2afb18c37658f0c83dc18229d1f325974739f6df2 \
    --hash=sha256:e6d879ca0f8827a7866856fbedd08857e4bd8f9a858dc998dea10d1913e97938 \
    --hash=sha256:f0944cb0da34dc3b0bb62c7a20b6618667760eccdaa4262a90ba7f64b19fb783
    # via -r requirements.txt
pyside6-addons==6.5.2 \
    --hash=sha256:15bf592e54b3409853c3db23bdb20fb14725b84d50feee862e8b2a3a8a3a0627 \
    --hash=sha256:26b55a658fed94a0b3c09927b408663860aca530bf6e83040dcb8fdcc221877d \
    --hash=sha256:793a53b7db32f7780fa9571a14f0bce3700604247127cdb2125b380c577a92eb \
    --hash=sha256:a31cb7eca2e8cd80332e131124ed9ad197610a2a80eac4f2bd58e9124e38060a \
    --hash=sha256:bea98d823179b814109dcf3ac6c8a0eddf886570aa9ef8ef09b6bae37bc227ca \
    --hash=sha256:c77e06fd511cc8b9292c01724504d6806c33c1f5904bc59f5a8c560a74c15438
    # via
    #   -r requirements.txt
    #   pyside6
pyside6-essentials==6.5.2 \
    --hash=sha256:149f1db77d82f35c6a88a403f5297645ebe737df28e163ac4dc402dfa0b961ee \
    --hash=sha256:1620e82b38714a1570b142c01694d0415a25526517b24620ff9b00c9f76cfca9 \
    --hash=sha256:4be6ed964cb863823f2788717b9a6ba8f1d94eb3fa2bf1584f4621ab5e021e27 \
    --hash=sha256:6b21cf78b33554f793d409d79b828d9578d34200c86f813ef1b8dac756589b71 \
    --hash=sha256:c9606de7afaee57f2c0861cc4b973bd630556dd38ec0d1542560cba81c27ab81 \
    --hash=sha256:e67b10f96f0ac5ed24d7e3c4985d37c70550a9dee6f38b127faf5e5341151665
    # via
    #   -r requirements.txt
    #   pyside6
    #   pyside6-addons
qasync==0.24.0 \
    --hash=sha256:a2baba622bed24c90179faae8f902dd0d2a9b01c82342f40b1149723182e0160 \
    --hash=sha256:e583d1c3ae20fd12e908dee358c527709b480e78d57fb72ee57a94097307d959
    # via -r requirements.txt
scipy==1.11.2 \
    --hash=sha256:0f3261f14b767b316d7137c66cc4f33a80ea05841b9c87ad83a726205b901423 \
    --hash=sha256:10eb6af2f751aa3424762948e5352f707b0dece77288206f227864ddf675aca0 \
    --hash=sha256:1342ca385c673208f32472830c10110a9dcd053cf0c4b7d4cd7026d0335a6c1d \
    --hash=sha256:214cdf04bbae7a54784f8431f976704ed607c4bc69ba0d5d5d6a9df84374df76 \
    --hash=sha256:2b997a5369e2d30c97995dcb29d638701f8000d04df01b8e947f206e5d0ac788 \
    --hash=sha256:2c91cf049ffb5575917f2a01da1da082fd24ed48120d08a6e7297dfcac771dcd \
    --hash=sha256:3aeb87661de987f8ec56fa6950863994cd427209158255a389fc5aea51fa7055 \
    --hash=sha256:4447ad057d7597476f9862ecbd9285bbf13ba9d73ce25acfa4e4b11c6801b4c9 \
    --hash=sha256:542a757e2a6ec409e71df3d8fd20127afbbacb1c07990cb23c5870c13953d899 \
    --hash=sha256:8d9886f44ef8c9e776cb7527fb01455bf4f4a46c455c4682edc2c2cc8cd78562 \
    --hash=sha256:90d3b1364e751d8214e325c371f0ee0dd38419268bf4888b2ae1040a6b266b2a \
    --hash=sha256:95763fbda1206bec41157582bea482f50eb3702c85fffcf6d24394b071c0e87a \
    --hash=sha256:ac74b1512d38718fb6a491c439aa7b3605b96b1ed3be6599c17d49d6c60fca18 \
    --hash=sha256:afdb0d983f6135d50770dd979df50bf1c7f58b5b33e0eb8cf5c73c70600eae1d \
    --hash=sha256:b0620240ef445b5ddde52460e6bc3483b7c9c750275369379e5f609a1050911c \
    --hash=sha256:b133f237bd8ba73bad51bc12eb4f2d84cbec999753bf25ba58235e9fc2096d80 \
    --hash=sha256:b29318a5e39bd200ca4381d80b065cdf3076c7d7281c5e36569e99273867f61d \
    --hash=sha256:b8425fa963a32936c9773ee3ce44a765d8ff67eed5f4ac81dc1e4a819a238ee9 \
    --hash=sha256:d2b813bfbe8dec6a75164523de650bad41f4405d35b0fa24c2c28ae07fcefb20 \
    --hash=sha256:d690e1ca993c8f7ede6d22e5637541217fc6a4d3f78b3672a6fe454dbb7eb9a7 \
    --hash=sha256:e367904a0fec76433bf3fbf3e85bf60dae8e9e585ffd21898ab1085a29a04d16 \
    --hash=sha256:ea932570b1c2a30edafca922345854ff2cd20d43cd9123b6dacfdecebfc1a80b \
    --hash=sha256:f28f1f6cfeb48339c192efc6275749b2a25a7e49c4d8369a28b6591da02fbc9a \
    --hash=sha256:f73102f769ee06041a3aa26b5841359b1a93cc364ce45609657751795e8f4a4a \
    --hash=sha256:fa4909c6c20c3d91480533cddbc0e7c6d849e7d9ded692918c76ce5964997898
    # via -r requirements.txt
shiboken6==6.5.2 \
    --hash=sha256:3fbc35ff3c19e7d39433671bfc1be3d7fa9d071bfdd0ffe1c2a4d27acd6cf6a5 \
    --hash=sha256:4e073b40734a7f9cc6ac289c735362967bb45c34f591f7c0fab7cef1d62e6a66 \
    --hash=sha256:558bdb3b0ccc8aac5f9029eabfd6ad8d41f93a87cd7f54395e07732fce39280d \
    --hash=sha256:ba7af130d34ea03e329baebd80982d2635aee7e58dbb07a07085509a501ed03f \
    --hash=sha256:cc89759aabafce49b629b189ed7c81986fedaac695714a4eed1aaeb16783c6a9 \
    --hash=sha256:e60d8dd3292e3f87662b9e37ae5c558c519f8250da627c473b68bd8d24ed3243
    # via
    #   pyside6
    #   pyside6-addons
    #   pyside6-essentials
typing-extensions==4.8.0 \
    --hash=sha256:8f92fc8806f9a6b641eaa5318da32b44d401efaac0f6678c9bc448ba3605faa0 \
    --hash=sha256:df8e4339e9cb77357558cbdbceca33c303714cf861d1eef15e1070055ae8b7ef
    # via bleak

# WARNING: The following packages were not pinned, but pip requires them to be
# pinned when the requirements file includes hashes and the requirement is not
# satisfied by a package already installed. Consider using the --allow-unsafe flag.
# setuptools
